
Microsoft Visual Studio Solution File, Format Version 12.00
# Visual Studio Version 17
VisualStudioVersion = 17.10.35027.167
MinimumVisualStudioVersion = 10.0.40219.1
Project("{FAE04EC0-301F-11D3-BF4B-00C04F79EFBC}") = "Calc", "Calc\Calc.csproj", "{334667B0-019E-40F3-8887-89DE26C67ACE}"
EndProject
Global
	GlobalSection(SolutionConfigurationPlatforms) = preSolution
		Debug|Any CPU = Debug|Any CPU
		Release|Any CPU = Release|Any CPU
	EndGlobalSection
	GlobalSection(ProjectConfigurationPlatforms) = postSolution
		{334667B0-019E-40F3-8887-89DE26C67ACE}.Debug|Any CPU.ActiveCfg = Debug|Any CPU
		{334667B0-019E-40F3-8887-89DE26C67ACE}.Debug|Any CPU.Build.0 = Debug|Any CPU
		{334667B0-019E-40F3-8887-89DE26C67ACE}.Release|Any CPU.ActiveCfg = Release|Any CPU
		{334667B0-019E-40F3-8887-89DE26C67ACE}.Release|Any CPU.Build.0 = Release|Any CPU
	EndGlobalSection
	GlobalSection(SolutionProperties) = preSolution
		HideSolutionNode = FALSE
	EndGlobalSection
	GlobalSection(ExtensibilityGlobals) = postSolution
		SolutionGuid = {6D3D91B4-D823-4442-857A-00B81E28FF75}
	EndGlobalSection
EndGlobal
